{
  "requires": true,
  "lockfileVersion": 1,
  "dependencies": {
    "bson-objectid": {
      "version": "1.2.2",
      "resolved": "https://registry.npmjs.org/bson-objectid/-/bson-objectid-1.2.2.tgz",
      "integrity": "sha512-GyjZ1yqTDXaK5HlcDe5NXwRlURZERSF2q0p4sQCQ0Cns2aXzc/5F6mgLPBnlAWOvq9awl6NNHZ8bqvNWvZkcMg=="
    }
  }
}
